
Microsoft Visual Studio Solution File, Format Version 12.00
# Visual Studio Version 16
VisualStudioVersion = 16.0.31613.86
MinimumVisualStudioVersion = 10.0.40219.1
Project("{FAE04EC0-301F-11D3-BF4B-00C04F79EFBC}") = "Sum_Calculator_RPC_Server", "Sum_Calculator_RPC_Server.csproj", "{38669965-45CF-4CA0-A30B-AE4D3CF83FFB}"
EndProject
Project("{FAE04EC0-301F-11D3-BF4B-00C04F79EFBC}") = "Server_Midleware", "..\Server_Midleware\Server_Midleware.csproj", "{3BF87273-2A3D-4784-A87F-67B87465D533}"
EndProject
Global
	GlobalSection(SolutionConfigurationPlatforms) = preSolution
		Debug|Any CPU = Debug|Any CPU
		Release|Any CPU = Release|Any CPU
	EndGlobalSection
	GlobalSection(ProjectConfigurationPlatforms) = postSolution
		{38669965-45CF-4CA0-A30B-AE4D3CF83FFB}.Debug|Any CPU.ActiveCfg = Debug|Any CPU
		{38669965-45CF-4CA0-A30B-AE4D3CF83FFB}.Debug|Any CPU.Build.0 = Debug|Any CPU
		{38669965-45CF-4CA0-A30B-AE4D3CF83FFB}.Release|Any CPU.ActiveCfg = Release|Any CPU
		{38669965-45CF-4CA0-A30B-AE4D3CF83FFB}.Release|Any CPU.Build.0 = Release|Any CPU
		{3BF87273-2A3D-4784-A87F-67B87465D533}.Debug|Any CPU.ActiveCfg = Debug|Any CPU
		{3BF87273-2A3D-4784-A87F-67B87465D533}.Debug|Any CPU.Build.0 = Debug|Any CPU
		{3BF87273-2A3D-4784-A87F-67B87465D533}.Release|Any CPU.ActiveCfg = Release|Any CPU
		{3BF87273-2A3D-4784-A87F-67B87465D533}.Release|Any CPU.Build.0 = Release|Any CPU
	EndGlobalSection
	GlobalSection(SolutionProperties) = preSolution
		HideSolutionNode = FALSE
	EndGlobalSection
	GlobalSection(ExtensibilityGlobals) = postSolution
		SolutionGuid = {BA77BB11-15F7-4918-94A4-DDF5338F2568}
	EndGlobalSection
EndGlobal
